{
  "nodes": {
    "nixpkgs": {
      "locked": {
        "lastModified": 1636267212,
        "narHash": "sha256-KDS173KqmqrYUPY9N4vf750GxIo+S6E0djyq2BsQm8s=",
        "path": "/nix/store/94hsmqk3nrx26yd46crlw5aygiya6pj4-source",
        "rev": "c935f5e0add2cf0ae650d072c8357533e21b0c35",
        "type": "path"
      },
      "original": {
        "id": "nixpkgs",
        "type": "indirect"
      }
    },
    "root": {
      "inputs": {
        "nixpkgs": "nixpkgs"
      }
    }
  },
  "root": "root",
  "version": 7
}
